{
	"name": "amtrak",
	"version": "2.8.5",
	"lockfileVersion": 2,
	"requires": true,
	"packages": {
		"": {
			"version": "2.8.5",
			"license": "AGPL",
			"dependencies": {
				"@types/crypto-js": "^4.0.2",
				"@types/node": "^16.7.13",
				"amtrak": "^2.8.4",
				"ansi-colors": "^4.1.1",
				"axios": "^0.25.0",
				"crypto-js": "^4.1.1",
				"enquirer": "^2.3.6",
				"minimist": "^1.2.5",
				"node-fetch": "^3.0.0",
				"typescript": "^4.4.2"
			},
			"bin": {
				"amtrak": "cli/cli.js"
			}
		},
		"node_modules/@types/crypto-js": {
			"version": "4.0.2",
			"resolved": "https://registry.npmjs.org/@types/crypto-js/-/crypto-js-4.0.2.tgz",
			"integrity": "sha512-sCVniU+h3GcGqxOmng11BRvf9TfN9yIs8KKjB8C8d75W69cpTfZG80gau9yTx5SxF3gvHGbJhdESzzvnjtf3Og=="
		},
		"node_modules/@types/node": {
			"version": "16.7.13",
			"resolved": "https://registry.npmjs.org/@types/node/-/node-16.7.13.tgz",
			"integrity": "sha512-pLUPDn+YG3FYEt/pHI74HmnJOWzeR+tOIQzUx93pi9M7D8OE7PSLr97HboXwk5F+JS+TLtWuzCOW97AHjmOXXA=="
		},
		"node_modules/abbrev": {
			"version": "1.1.1",
			"resolved": "https://registry.npmjs.org/abbrev/-/abbrev-1.1.1.tgz",
			"integrity": "sha512-nne9/IiQ/hzIhY6pdDnbBtz7DjPTKrY00P/zvPSm5pOFkl6xuGrGnXn/VtTNNfNtAfZ9/1RtehkszU9qcTii0Q=="
		},
		"node_modules/amtrak": {
			"version": "2.8.4",
			"resolved": "https://registry.npmjs.org/amtrak/-/amtrak-2.8.4.tgz",
			"integrity": "sha512-2Hds57ychH+B+lYSDWrxhHmgnXkTFJNBv1PQe6FCqk1gg1QDKAYeZGePfCSu/0y0OKQC/MfqX4oo8E9JHwuOXQ==",
			"dependencies": {
				"@types/crypto-js": "^4.0.2",
				"@types/node": "^16.7.13",
				"axios": "^0.21.3",
				"crypto-js": "^4.1.1",
				"isdst": "^1.0.0",
				"node-fetch": "^3.0.0",
				"typescript": "^4.4.2"
			}
		},
		"node_modules/amtrak/node_modules/axios": {
			"version": "0.21.4",
			"resolved": "https://registry.npmjs.org/axios/-/axios-0.21.4.tgz",
			"integrity": "sha512-ut5vewkiu8jjGBdqpM44XxjuCjq9LAKeHVmoVfHVzy8eHgxxq8SbAVQNovDA8mVi05kP0Ea/n/UzcSHcTJQfNg==",
			"dependencies": {
				"follow-redirects": "^1.14.0"
			}
		},
		"node_modules/ansi-colors": {
			"version": "4.1.1",
			"resolved": "https://registry.npmjs.org/ansi-colors/-/ansi-colors-4.1.1.tgz",
			"integrity": "sha512-JoX0apGbHaUJBNl6yF+p6JAFYZ666/hhCGKN5t9QFjbJQKUU/g8MNbFDbvfrgKXvI1QpZplPOnwIo99lX/AAmA==",
			"engines": {
				"node": ">=6"
			}
		},
		"node_modules/axios": {
			"version": "0.25.0",
			"resolved": "https://registry.npmjs.org/axios/-/axios-0.25.0.tgz",
			"integrity": "sha512-cD8FOb0tRH3uuEe6+evtAbgJtfxr7ly3fQjYcMcuPlgkwVS9xboaVIpcDV+cYQe+yGykgwZCs1pzjntcGa6l5g==",
			"dependencies": {
				"follow-redirects": "^1.14.7"
			}
		},
		"node_modules/buffer-equal": {
			"version": "0.0.2",
			"resolved": "https://registry.npmjs.org/buffer-equal/-/buffer-equal-0.0.2.tgz",
			"integrity": "sha1-7Lt5D1aNQAmKYkK1SAXHWAXrk48=",
			"engines": {
				"node": ">=0.4.0"
			}
		},
		"node_modules/bunker": {
			"version": "0.1.2",
			"resolved": "https://registry.npmjs.org/bunker/-/bunker-0.1.2.tgz",
			"integrity": "sha1-yImSRkqOKm7ehpMDdfkrWAd++Xw=",
			"dependencies": {
				"burrito": ">=0.2.5 <0.3"
			},
			"engines": {
				"node": "*"
			}
		},
		"node_modules/burrito": {
			"version": "0.2.12",
			"resolved": "https://registry.npmjs.org/burrito/-/burrito-0.2.12.tgz",
			"integrity": "sha1-0NbmrIHV6ZeJxvpKzLCwAx6lT2s=",
			"dependencies": {
				"traverse": "~0.5.1",
				"uglify-js": "~1.1.1"
			},
			"engines": {
				"node": ">=0.4.0"
			}
		},
		"node_modules/burrito/node_modules/traverse": {
			"version": "0.5.2",
			"resolved": "https://registry.npmjs.org/traverse/-/traverse-0.5.2.tgz",
			"integrity": "sha1-4gPFjV9/DjfbbnTArLkpuwm2HYU=",
			"engines": {
				"node": "*"
			}
		},
		"node_modules/charm": {
			"version": "0.1.2",
			"resolved": "https://registry.npmjs.org/charm/-/charm-0.1.2.tgz",
			"integrity": "sha1-BsIe7RobBq62dVPNxT4jJ0usIpY="
		},
		"node_modules/crypto-js": {
			"version": "4.1.1",
			"resolved": "https://registry.npmjs.org/crypto-js/-/crypto-js-4.1.1.tgz",
			"integrity": "sha512-o2JlM7ydqd3Qk9CA0L4NL6mTzU2sdx96a+oOfPu8Mkl/PK51vSyoi8/rQ8NknZtk44vq15lmhAj9CIAGwgeWKw=="
		},
		"node_modules/data-uri-to-buffer": {
			"version": "3.0.1",
			"resolved": "https://registry.npmjs.org/data-uri-to-buffer/-/data-uri-to-buffer-3.0.1.tgz",
			"integrity": "sha512-WboRycPNsVw3B3TL559F7kuBUM4d8CgMEvk6xEJlOp7OBPjt6G7z8WMWlD2rOFZLk6OYfFIUGsCOWzcQH9K2og==",
			"engines": {
				"node": ">= 6"
			}
		},
		"node_modules/deep-equal": {
			"version": "0.0.0",
			"resolved": "https://registry.npmjs.org/deep-equal/-/deep-equal-0.0.0.tgz",
			"integrity": "sha1-mWedO70EcVb81FDT0B7rkGhpHoM=",
			"engines": {
				"node": "*"
			}
		},
		"node_modules/deep-is": {
			"version": "0.1.4",
			"resolved": "https://registry.npmjs.org/deep-is/-/deep-is-0.1.4.tgz",
			"integrity": "sha512-oIPzksmTg4/MriiaYGO+okXDT7ztn/w3Eptv/+gSIdMdKsJo0u4CfYNFJPy+4SKMuCqGw2wxnA+URMg3t8a/bQ=="
		},
		"node_modules/difflet": {
			"version": "0.2.6",
			"resolved": "https://registry.npmjs.org/difflet/-/difflet-0.2.6.tgz",
			"integrity": "sha1-qyOzH1ZJtvqo49KsvTNEZzZcpvo=",
			"dependencies": {
				"charm": "0.1.x",
				"deep-is": "0.1.x",
				"traverse": "0.6.x"
			},
			"engines": {
				"node": ">=0.4.0"
			}
		},
		"node_modules/enquirer": {
			"version": "2.3.6",
			"resolved": "https://registry.npmjs.org/enquirer/-/enquirer-2.3.6.tgz",
			"integrity": "sha512-yjNnPr315/FjS4zIsUxYguYUPP2e1NK4d7E7ZOLiyYCcbFBiTMyID+2wvm2w6+pZ/odMA7cRkjhsPbltwBOrLg==",
			"dependencies": {
				"ansi-colors": "^4.1.1"
			},
			"engines": {
				"node": ">=8.6"
			}
		},
		"node_modules/fetch-blob": {
			"version": "3.1.2",
			"resolved": "https://registry.npmjs.org/fetch-blob/-/fetch-blob-3.1.2.tgz",
			"integrity": "sha512-hunJbvy/6OLjCD0uuhLdp0mMPzP/yd2ssd1t2FCJsaA7wkWhpbp9xfuNVpv7Ll4jFhzp6T4LAupSiV9uOeg0VQ==",
			"funding": [
				{
					"type": "github",
					"url": "https://github.com/sponsors/jimmywarting"
				},
				{
					"type": "paypal",
					"url": "https://paypal.me/jimmywarting"
				}
			],
			"dependencies": {
				"web-streams-polyfill": "^3.0.3"
			},
			"engines": {
				"node": "^12.20 || >= 14.13"
			}
		},
		"node_modules/follow-redirects": {
			"version": "1.14.7",
			"resolved": "https://registry.npmjs.org/follow-redirects/-/follow-redirects-1.14.7.tgz",
			"integrity": "sha512-+hbxoLbFMbRKDwohX8GkTataGqO6Jb7jGwpAlwgy2bIz25XtRm7KEzJM76R1WiNT5SwZkX4Y75SwBolkpmE7iQ==",
			"funding": [
				{
					"type": "individual",
					"url": "https://github.com/sponsors/RubenVerborgh"
				}
			],
			"engines": {
				"node": ">=4.0"
			},
			"peerDependenciesMeta": {
				"debug": {
					"optional": true
				}
			}
		},
		"node_modules/glob": {
			"version": "3.2.11",
			"resolved": "https://registry.npmjs.org/glob/-/glob-3.2.11.tgz",
			"integrity": "sha1-Spc/Y1uRkPcV0QmH1cAP0oFevj0=",
			"dependencies": {
				"inherits": "2",
				"minimatch": "0.3"
			},
			"engines": {
				"node": "*"
			}
		},
		"node_modules/inherits": {
			"version": "2.0.4",
			"resolved": "https://registry.npmjs.org/inherits/-/inherits-2.0.4.tgz",
			"integrity": "sha512-k/vGaX4/Yla3WzyMCvTQOXYeIHvqOKtnqBduzTHpzpQZzAskKMhZ2K+EnBiSM9zGSoIFeMpXKxa4dYeZIQqewQ=="
		},
		"node_modules/isdst": {
			"version": "1.0.0",
			"resolved": "https://registry.npmjs.org/isdst/-/isdst-1.0.0.tgz",
			"integrity": "sha1-CXWVTFxH38TvQ3nfM8BFxW28OM4=",
			"dependencies": {
				"tap": "^0.4.13"
			}
		},
		"node_modules/lru-cache": {
			"version": "2.7.3",
			"resolved": "https://registry.npmjs.org/lru-cache/-/lru-cache-2.7.3.tgz",
			"integrity": "sha1-bUUk6LlV+V1PW1iFHOId1y+06VI="
		},
		"node_modules/minimatch": {
			"version": "0.3.0",
			"resolved": "https://registry.npmjs.org/minimatch/-/minimatch-0.3.0.tgz",
			"integrity": "sha1-J12O2qxPG7MyZHIInnlJyDlGmd0=",
			"deprecated": "Please update to minimatch 3.0.2 or higher to avoid a RegExp DoS issue",
			"dependencies": {
				"lru-cache": "2",
				"sigmund": "~1.0.0"
			},
			"engines": {
				"node": "*"
			}
		},
		"node_modules/minimist": {
			"version": "1.2.5",
			"resolved": "https://registry.npmjs.org/minimist/-/minimist-1.2.5.tgz",
			"integrity": "sha512-FM9nNUYrRBAELZQT3xeZQ7fmMOBg6nWNmJKTcgsJeaLstP/UODVpGsr5OhXhhXg6f+qtJ8uiZ+PUxkDWcgIXLw=="
		},
		"node_modules/mkdirp": {
			"version": "0.5.5",
			"resolved": "https://registry.npmjs.org/mkdirp/-/mkdirp-0.5.5.tgz",
			"integrity": "sha512-NKmAlESf6jMGym1++R0Ra7wvhV+wFW63FaSOFPwRahvea0gMUcGUhVeAg/0BC0wiv9ih5NYPB1Wn1UEI1/L+xQ==",
			"dependencies": {
				"minimist": "^1.2.5"
			},
			"bin": {
				"mkdirp": "bin/cmd.js"
			}
		},
		"node_modules/node-fetch": {
			"version": "3.0.0",
			"resolved": "https://registry.npmjs.org/node-fetch/-/node-fetch-3.0.0.tgz",
			"integrity": "sha512-bKMI+C7/T/SPU1lKnbQbwxptpCrG9ashG+VkytmXCPZyuM9jB6VU+hY0oi4lC8LxTtAeWdckNCTa3nrGsAdA3Q==",
			"dependencies": {
				"data-uri-to-buffer": "^3.0.1",
				"fetch-blob": "^3.1.2"
			},
			"engines": {
				"node": "^12.20.0 || ^14.13.1 || >=16.0.0"
			},
			"funding": {
				"type": "opencollective",
				"url": "https://opencollective.com/node-fetch"
			}
		},
		"node_modules/nopt": {
			"version": "2.2.1",
			"resolved": "https://registry.npmjs.org/nopt/-/nopt-2.2.1.tgz",
			"integrity": "sha1-KqCbfRdoSHs7ianFqlIzW/8Lrqc=",
			"dependencies": {
				"abbrev": "1"
			},
			"bin": {
				"nopt": "bin/nopt.js"
			}
		},
		"node_modules/runforcover": {
			"version": "0.0.2",
			"resolved": "https://registry.npmjs.org/runforcover/-/runforcover-0.0.2.tgz",
			"integrity": "sha1-NE8FfY1F0zrrxsyCIEZ49pxIV8w=",
			"dependencies": {
				"bunker": "0.1.X"
			},
			"engines": {
				"node": "*"
			}
		},
		"node_modules/sigmund": {
			"version": "1.0.1",
			"resolved": "https://registry.npmjs.org/sigmund/-/sigmund-1.0.1.tgz",
			"integrity": "sha1-P/IfGYytIXX587eBhT/ZTQ0ZtZA="
		},
		"node_modules/slide": {
			"version": "1.1.6",
			"resolved": "https://registry.npmjs.org/slide/-/slide-1.1.6.tgz",
			"integrity": "sha1-VusCfWW00tzmyy4tMsTUr8nh1wc=",
			"engines": {
				"node": "*"
			}
		},
		"node_modules/tap": {
			"version": "0.4.13",
			"resolved": "https://registry.npmjs.org/tap/-/tap-0.4.13.tgz",
			"integrity": "sha1-OYYTTWdZcn/CIj5hEm7rhyQ6zLw=",
			"dependencies": {
				"buffer-equal": "~0.0.0",
				"deep-equal": "~0.0.0",
				"difflet": "~0.2.0",
				"glob": "~3.2.1",
				"inherits": "*",
				"mkdirp": "~0.3 || 0.4 || 0.5",
				"nopt": "~2",
				"runforcover": "~0.0.2",
				"slide": "*",
				"yamlish": "*"
			},
			"bin": {
				"tap": "bin/tap.js"
			},
			"engines": {
				"node": ">=0.8"
			}
		},
		"node_modules/traverse": {
			"version": "0.6.6",
			"resolved": "https://registry.npmjs.org/traverse/-/traverse-0.6.6.tgz",
			"integrity": "sha1-y99WD9e5r2MlAv7UD5GMFX6pcTc="
		},
		"node_modules/typescript": {
			"version": "4.4.2",
			"resolved": "https://registry.npmjs.org/typescript/-/typescript-4.4.2.tgz",
			"integrity": "sha512-gzP+t5W4hdy4c+68bfcv0t400HVJMMd2+H9B7gae1nQlBzCqvrXX+6GL/b3GAgyTH966pzrZ70/fRjwAtZksSQ==",
			"bin": {
				"tsc": "bin/tsc",
				"tsserver": "bin/tsserver"
			},
			"engines": {
				"node": ">=4.2.0"
			}
		},
		"node_modules/uglify-js": {
			"version": "1.1.1",
			"resolved": "https://registry.npmjs.org/uglify-js/-/uglify-js-1.1.1.tgz",
			"integrity": "sha1-7nGpfEzv0GoamyBDfzQRiYKqA1s=",
			"bin": {
				"uglifyjs": "bin/uglifyjs"
			},
			"engines": {
				"node": "*"
			}
		},
		"node_modules/web-streams-polyfill": {
			"version": "3.1.1",
			"resolved": "https://registry.npmjs.org/web-streams-polyfill/-/web-streams-polyfill-3.1.1.tgz",
			"integrity": "sha512-Czi3fG883e96T4DLEPRvufrF2ydhOOW1+1a6c3gNjH2aIh50DNFBdfwh2AKoOf1rXvpvavAoA11Qdq9+BKjE0Q==",
			"engines": {
				"node": ">= 8"
			}
		},
		"node_modules/yamlish": {
			"version": "0.0.7",
			"resolved": "https://registry.npmjs.org/yamlish/-/yamlish-0.0.7.tgz",
			"integrity": "sha1-tK+aHcxjYYhzw9bkUewyE8OaV/s="
		}
	},
	"dependencies": {
		"@types/crypto-js": {
			"version": "4.0.2",
			"resolved": "https://registry.npmjs.org/@types/crypto-js/-/crypto-js-4.0.2.tgz",
			"integrity": "sha512-sCVniU+h3GcGqxOmng11BRvf9TfN9yIs8KKjB8C8d75W69cpTfZG80gau9yTx5SxF3gvHGbJhdESzzvnjtf3Og=="
		},
		"@types/node": {
			"version": "16.7.13",
			"resolved": "https://registry.npmjs.org/@types/node/-/node-16.7.13.tgz",
			"integrity": "sha512-pLUPDn+YG3FYEt/pHI74HmnJOWzeR+tOIQzUx93pi9M7D8OE7PSLr97HboXwk5F+JS+TLtWuzCOW97AHjmOXXA=="
		},
		"abbrev": {
			"version": "1.1.1",
			"resolved": "https://registry.npmjs.org/abbrev/-/abbrev-1.1.1.tgz",
			"integrity": "sha512-nne9/IiQ/hzIhY6pdDnbBtz7DjPTKrY00P/zvPSm5pOFkl6xuGrGnXn/VtTNNfNtAfZ9/1RtehkszU9qcTii0Q=="
		},
		"amtrak": {
			"version": "2.8.4",
			"resolved": "https://registry.npmjs.org/amtrak/-/amtrak-2.8.4.tgz",
			"integrity": "sha512-2Hds57ychH+B+lYSDWrxhHmgnXkTFJNBv1PQe6FCqk1gg1QDKAYeZGePfCSu/0y0OKQC/MfqX4oo8E9JHwuOXQ==",
			"requires": {
				"@types/crypto-js": "^4.0.2",
				"@types/node": "^16.7.13",
				"axios": "^0.21.3",
				"crypto-js": "^4.1.1",
				"isdst": "^1.0.0",
				"node-fetch": "^3.0.0",
				"typescript": "^4.4.2"
			},
			"dependencies": {
				"axios": {
					"version": "0.21.4",
					"resolved": "https://registry.npmjs.org/axios/-/axios-0.21.4.tgz",
					"integrity": "sha512-ut5vewkiu8jjGBdqpM44XxjuCjq9LAKeHVmoVfHVzy8eHgxxq8SbAVQNovDA8mVi05kP0Ea/n/UzcSHcTJQfNg==",
					"requires": {
						"follow-redirects": "^1.14.0"
					}
				}
			}
		},
		"ansi-colors": {
			"version": "4.1.1",
			"resolved": "https://registry.npmjs.org/ansi-colors/-/ansi-colors-4.1.1.tgz",
			"integrity": "sha512-JoX0apGbHaUJBNl6yF+p6JAFYZ666/hhCGKN5t9QFjbJQKUU/g8MNbFDbvfrgKXvI1QpZplPOnwIo99lX/AAmA=="
		},
		"axios": {
			"version": "0.25.0",
			"resolved": "https://registry.npmjs.org/axios/-/axios-0.25.0.tgz",
			"integrity": "sha512-cD8FOb0tRH3uuEe6+evtAbgJtfxr7ly3fQjYcMcuPlgkwVS9xboaVIpcDV+cYQe+yGykgwZCs1pzjntcGa6l5g==",
			"requires": {
				"follow-redirects": "^1.14.7"
			}
		},
		"buffer-equal": {
			"version": "0.0.2",
			"resolved": "https://registry.npmjs.org/buffer-equal/-/buffer-equal-0.0.2.tgz",
			"integrity": "sha1-7Lt5D1aNQAmKYkK1SAXHWAXrk48="
		},
		"bunker": {
			"version": "0.1.2",
			"resolved": "https://registry.npmjs.org/bunker/-/bunker-0.1.2.tgz",
			"integrity": "sha1-yImSRkqOKm7ehpMDdfkrWAd++Xw=",
			"requires": {
				"burrito": ">=0.2.5 <0.3"
			}
		},
		"burrito": {
			"version": "0.2.12",
			"resolved": "https://registry.npmjs.org/burrito/-/burrito-0.2.12.tgz",
			"integrity": "sha1-0NbmrIHV6ZeJxvpKzLCwAx6lT2s=",
			"requires": {
				"traverse": "~0.5.1",
				"uglify-js": "~1.1.1"
			},
			"dependencies": {
				"traverse": {
					"version": "0.5.2",
					"resolved": "https://registry.npmjs.org/traverse/-/traverse-0.5.2.tgz",
					"integrity": "sha1-4gPFjV9/DjfbbnTArLkpuwm2HYU="
				}
			}
		},
		"charm": {
			"version": "0.1.2",
			"resolved": "https://registry.npmjs.org/charm/-/charm-0.1.2.tgz",
			"integrity": "sha1-BsIe7RobBq62dVPNxT4jJ0usIpY="
		},
		"crypto-js": {
			"version": "4.1.1",
			"resolved": "https://registry.npmjs.org/crypto-js/-/crypto-js-4.1.1.tgz",
			"integrity": "sha512-o2JlM7ydqd3Qk9CA0L4NL6mTzU2sdx96a+oOfPu8Mkl/PK51vSyoi8/rQ8NknZtk44vq15lmhAj9CIAGwgeWKw=="
		},
		"data-uri-to-buffer": {
			"version": "3.0.1",
			"resolved": "https://registry.npmjs.org/data-uri-to-buffer/-/data-uri-to-buffer-3.0.1.tgz",
			"integrity": "sha512-WboRycPNsVw3B3TL559F7kuBUM4d8CgMEvk6xEJlOp7OBPjt6G7z8WMWlD2rOFZLk6OYfFIUGsCOWzcQH9K2og=="
		},
		"deep-equal": {
			"version": "0.0.0",
			"resolved": "https://registry.npmjs.org/deep-equal/-/deep-equal-0.0.0.tgz",
			"integrity": "sha1-mWedO70EcVb81FDT0B7rkGhpHoM="
		},
		"deep-is": {
			"version": "0.1.4",
			"resolved": "https://registry.npmjs.org/deep-is/-/deep-is-0.1.4.tgz",
			"integrity": "sha512-oIPzksmTg4/MriiaYGO+okXDT7ztn/w3Eptv/+gSIdMdKsJo0u4CfYNFJPy+4SKMuCqGw2wxnA+URMg3t8a/bQ=="
		},
		"difflet": {
			"version": "0.2.6",
			"resolved": "https://registry.npmjs.org/difflet/-/difflet-0.2.6.tgz",
			"integrity": "sha1-qyOzH1ZJtvqo49KsvTNEZzZcpvo=",
			"requires": {
				"charm": "0.1.x",
				"deep-is": "0.1.x",
				"traverse": "0.6.x"
			}
		},
		"enquirer": {
			"version": "2.3.6",
			"resolved": "https://registry.npmjs.org/enquirer/-/enquirer-2.3.6.tgz",
			"integrity": "sha512-yjNnPr315/FjS4zIsUxYguYUPP2e1NK4d7E7ZOLiyYCcbFBiTMyID+2wvm2w6+pZ/odMA7cRkjhsPbltwBOrLg==",
			"requires": {
				"ansi-colors": "^4.1.1"
			}
		},
		"fetch-blob": {
			"version": "3.1.2",
			"resolved": "https://registry.npmjs.org/fetch-blob/-/fetch-blob-3.1.2.tgz",
			"integrity": "sha512-hunJbvy/6OLjCD0uuhLdp0mMPzP/yd2ssd1t2FCJsaA7wkWhpbp9xfuNVpv7Ll4jFhzp6T4LAupSiV9uOeg0VQ==",
			"requires": {
				"web-streams-polyfill": "^3.0.3"
			}
		},
		"follow-redirects": {
			"version": "1.14.7",
			"resolved": "https://registry.npmjs.org/follow-redirects/-/follow-redirects-1.14.7.tgz",
			"integrity": "sha512-+hbxoLbFMbRKDwohX8GkTataGqO6Jb7jGwpAlwgy2bIz25XtRm7KEzJM76R1WiNT5SwZkX4Y75SwBolkpmE7iQ=="
		},
		"glob": {
			"version": "3.2.11",
			"resolved": "https://registry.npmjs.org/glob/-/glob-3.2.11.tgz",
			"integrity": "sha1-Spc/Y1uRkPcV0QmH1cAP0oFevj0=",
			"requires": {
				"inherits": "2",
				"minimatch": "0.3"
			}
		},
		"inherits": {
			"version": "2.0.4",
			"resolved": "https://registry.npmjs.org/inherits/-/inherits-2.0.4.tgz",
			"integrity": "sha512-k/vGaX4/Yla3WzyMCvTQOXYeIHvqOKtnqBduzTHpzpQZzAskKMhZ2K+EnBiSM9zGSoIFeMpXKxa4dYeZIQqewQ=="
		},
		"isdst": {
			"version": "1.0.0",
			"resolved": "https://registry.npmjs.org/isdst/-/isdst-1.0.0.tgz",
			"integrity": "sha1-CXWVTFxH38TvQ3nfM8BFxW28OM4=",
			"requires": {
				"tap": "^0.4.13"
			}
		},
		"lru-cache": {
			"version": "2.7.3",
			"resolved": "https://registry.npmjs.org/lru-cache/-/lru-cache-2.7.3.tgz",
			"integrity": "sha1-bUUk6LlV+V1PW1iFHOId1y+06VI="
		},
		"minimatch": {
			"version": "0.3.0",
			"resolved": "https://registry.npmjs.org/minimatch/-/minimatch-0.3.0.tgz",
			"integrity": "sha1-J12O2qxPG7MyZHIInnlJyDlGmd0=",
			"requires": {
				"lru-cache": "2",
				"sigmund": "~1.0.0"
			}
		},
		"minimist": {
			"version": "1.2.5",
			"resolved": "https://registry.npmjs.org/minimist/-/minimist-1.2.5.tgz",
			"integrity": "sha512-FM9nNUYrRBAELZQT3xeZQ7fmMOBg6nWNmJKTcgsJeaLstP/UODVpGsr5OhXhhXg6f+qtJ8uiZ+PUxkDWcgIXLw=="
		},
		"mkdirp": {
			"version": "0.5.5",
			"resolved": "https://registry.npmjs.org/mkdirp/-/mkdirp-0.5.5.tgz",
			"integrity": "sha512-NKmAlESf6jMGym1++R0Ra7wvhV+wFW63FaSOFPwRahvea0gMUcGUhVeAg/0BC0wiv9ih5NYPB1Wn1UEI1/L+xQ==",
			"requires": {
				"minimist": "^1.2.5"
			}
		},
		"node-fetch": {
			"version": "3.0.0",
			"resolved": "https://registry.npmjs.org/node-fetch/-/node-fetch-3.0.0.tgz",
			"integrity": "sha512-bKMI+C7/T/SPU1lKnbQbwxptpCrG9ashG+VkytmXCPZyuM9jB6VU+hY0oi4lC8LxTtAeWdckNCTa3nrGsAdA3Q==",
			"requires": {
				"data-uri-to-buffer": "^3.0.1",
				"fetch-blob": "^3.1.2"
			}
		},
		"nopt": {
			"version": "2.2.1",
			"resolved": "https://registry.npmjs.org/nopt/-/nopt-2.2.1.tgz",
			"integrity": "sha1-KqCbfRdoSHs7ianFqlIzW/8Lrqc=",
			"requires": {
				"abbrev": "1"
			}
		},
		"runforcover": {
			"version": "0.0.2",
			"resolved": "https://registry.npmjs.org/runforcover/-/runforcover-0.0.2.tgz",
			"integrity": "sha1-NE8FfY1F0zrrxsyCIEZ49pxIV8w=",
			"requires": {
				"bunker": "0.1.X"
			}
		},
		"sigmund": {
			"version": "1.0.1",
			"resolved": "https://registry.npmjs.org/sigmund/-/sigmund-1.0.1.tgz",
			"integrity": "sha1-P/IfGYytIXX587eBhT/ZTQ0ZtZA="
		},
		"slide": {
			"version": "1.1.6",
			"resolved": "https://registry.npmjs.org/slide/-/slide-1.1.6.tgz",
			"integrity": "sha1-VusCfWW00tzmyy4tMsTUr8nh1wc="
		},
		"tap": {
			"version": "0.4.13",
			"resolved": "https://registry.npmjs.org/tap/-/tap-0.4.13.tgz",
			"integrity": "sha1-OYYTTWdZcn/CIj5hEm7rhyQ6zLw=",
			"requires": {
				"buffer-equal": "~0.0.0",
				"deep-equal": "~0.0.0",
				"difflet": "~0.2.0",
				"glob": "~3.2.1",
				"inherits": "*",
				"mkdirp": "~0.3 || 0.4 || 0.5",
				"nopt": "~2",
				"runforcover": "~0.0.2",
				"slide": "*",
				"yamlish": "*"
			}
		},
		"traverse": {
			"version": "0.6.6",
			"resolved": "https://registry.npmjs.org/traverse/-/traverse-0.6.6.tgz",
			"integrity": "sha1-y99WD9e5r2MlAv7UD5GMFX6pcTc="
		},
		"typescript": {
			"version": "4.4.2",
			"resolved": "https://registry.npmjs.org/typescript/-/typescript-4.4.2.tgz",
			"integrity": "sha512-gzP+t5W4hdy4c+68bfcv0t400HVJMMd2+H9B7gae1nQlBzCqvrXX+6GL/b3GAgyTH966pzrZ70/fRjwAtZksSQ=="
		},
		"uglify-js": {
			"version": "1.1.1",
			"resolved": "https://registry.npmjs.org/uglify-js/-/uglify-js-1.1.1.tgz",
			"integrity": "sha1-7nGpfEzv0GoamyBDfzQRiYKqA1s="
		},
		"web-streams-polyfill": {
			"version": "3.1.1",
			"resolved": "https://registry.npmjs.org/web-streams-polyfill/-/web-streams-polyfill-3.1.1.tgz",
			"integrity": "sha512-Czi3fG883e96T4DLEPRvufrF2ydhOOW1+1a6c3gNjH2aIh50DNFBdfwh2AKoOf1rXvpvavAoA11Qdq9+BKjE0Q=="
		},
		"yamlish": {
			"version": "0.0.7",
			"resolved": "https://registry.npmjs.org/yamlish/-/yamlish-0.0.7.tgz",
			"integrity": "sha1-tK+aHcxjYYhzw9bkUewyE8OaV/s="
		}
	}
}
